
Microsoft Visual Studio Solution File, Format Version 12.00
# Visual Studio Version 17
VisualStudioVersion = 17.14.36511.14 d17.14
MinimumVisualStudioVersion = 10.0.40219.1
Project("{54A90642-561A-4BB1-A94E-469ADEE60C69}") = "tourismapp.client", "tourismapp.client\tourismapp.client.esproj", "{A6F32831-E7BD-F930-688C-494A581DE26E}"
EndProject
Project("{FAE04EC0-301F-11D3-BF4B-00C04F79EFBC}") = "TourismApp.Server", "TourismApp.Server\TourismApp.Server.csproj", "{DF7B1DC8-BC81-489D-8126-17C81FA04384}"
EndProject
Global
	GlobalSection(SolutionConfigurationPlatforms) = preSolution
		Debug|Any CPU = Debug|Any CPU
		Release|Any CPU = Release|Any CPU
	EndGlobalSection
	GlobalSection(ProjectConfigurationPlatforms) = postSolution
		{A6F32831-E7BD-F930-688C-494A581DE26E}.Debug|Any CPU.ActiveCfg = Debug|Any CPU
		{A6F32831-E7BD-F930-688C-494A581DE26E}.Debug|Any CPU.Build.0 = Debug|Any CPU
		{A6F32831-E7BD-F930-688C-494A581DE26E}.Debug|Any CPU.Deploy.0 = Debug|Any CPU
		{A6F32831-E7BD-F930-688C-494A581DE26E}.Release|Any CPU.ActiveCfg = Release|Any CPU
		{A6F32831-E7BD-F930-688C-494A581DE26E}.Release|Any CPU.Build.0 = Release|Any CPU
		{A6F32831-E7BD-F930-688C-494A581DE26E}.Release|Any CPU.Deploy.0 = Release|Any CPU
		{DF7B1DC8-BC81-489D-8126-17C81FA04384}.Debug|Any CPU.ActiveCfg = Debug|Any CPU
		{DF7B1DC8-BC81-489D-8126-17C81FA04384}.Debug|Any CPU.Build.0 = Debug|Any CPU
		{DF7B1DC8-BC81-489D-8126-17C81FA04384}.Release|Any CPU.ActiveCfg = Release|Any CPU
		{DF7B1DC8-BC81-489D-8126-17C81FA04384}.Release|Any CPU.Build.0 = Release|Any CPU
	EndGlobalSection
	GlobalSection(SolutionProperties) = preSolution
		HideSolutionNode = FALSE
	EndGlobalSection
	GlobalSection(ExtensibilityGlobals) = postSolution
		SolutionGuid = {7E5E6343-8BEE-4716-9CFA-E46BC2E9604C}
	EndGlobalSection
EndGlobal
